
Microsoft Visual Studio Solution File, Format Version 12.00
# Visual Studio 2012
Project("{2150E333-8FDC-42A3-9474-1A3956D46DE8}") = "Applications", "Applications", "{9F7145C5-0C03-4538-A69E-E511A0CB7D15}"
EndProject
Project("{2150E333-8FDC-42A3-9474-1A3956D46DE8}") = "Libraries", "Libraries", "{18100F75-99E4-4683-9DBC-E80E3FC82CB6}"
EndProject
Project("{2150E333-8FDC-42A3-9474-1A3956D46DE8}") = "Tests", "Tests", "{4B5AE747-660F-4624-9B8F-7E210CBF6ACD}"
EndProject
Project("{FAE04EC0-301F-11D3-BF4B-00C04F79EFBC}") = "Franky.Playground.Base", "Libraries\Franky.Playground.Base\Franky.Playground.Base.csproj", "{AC7293A6-A5FD-476B-9327-545CB233F3F5}"
EndProject
Project("{FAE04EC0-301F-11D3-BF4B-00C04F79EFBC}") = "Franky.Playground.WebApi", "Applications\Franky.Playground.WebApi\Franky.Playground.WebApi.csproj", "{EE4FAF5D-BBDB-4379-9485-A2693B3B12CA}"
EndProject
Project("{FAE04EC0-301F-11D3-BF4B-00C04F79EFBC}") = "Franky.Playground.Models", "Libraries\Franky.Playground.Models\Franky.Playground.Models.csproj", "{749BF0B0-6C25-43AC-8565-3A9012406EFB}"
EndProject
Project("{FAE04EC0-301F-11D3-BF4B-00C04F79EFBC}") = "Franky.Playground.Constants", "Libraries\Franky.Playground.Constants\Franky.Playground.Constants.csproj", "{D310FF0E-32C7-41B4-9854-4EF799921961}"
EndProject
Project("{FAE04EC0-301F-11D3-BF4B-00C04F79EFBC}") = "Franky.Playground.DataAccess", "Libraries\Franky.Playground.DataAccess\Franky.Playground.DataAccess.csproj", "{C4C74DDC-1A89-4E17-8450-60EB7F95E295}"
EndProject
Project("{2150E333-8FDC-42A3-9474-1A3956D46DE8}") = "Features", "Features", "{88B1ECBA-656E-4DDF-8AFF-7248DBF57BD4}"
EndProject
Project("{FAE04EC0-301F-11D3-BF4B-00C04F79EFBC}") = "Franky.Playground.Weather", "Features\Franky.Playground.Weather\Franky.Playground.Weather.csproj", "{D59473B0-A256-411A-BDD1-CB8242BBCD0D}"
EndProject
Project("{FAE04EC0-301F-11D3-BF4B-00C04F79EFBC}") = "Franky.Playground.WeatherTests", "Tests\Franky.Playground.WeatherTests\Franky.Playground.WeatherTests.csproj", "{0A2938CA-B6B6-41D7-9884-63B1FC60C9A3}"
EndProject
Project("{FAE04EC0-301F-11D3-BF4B-00C04F79EFBC}") = "Franky.Playground.BaseTests", "Tests\Franky.Playground.BaseTests\Franky.Playground.BaseTests.csproj", "{A93054E2-FEBC-40E9-8E47-7A87DFDE9680}"
EndProject
Global
	GlobalSection(SolutionConfigurationPlatforms) = preSolution
		Debug|Any CPU = Debug|Any CPU
		Release|Any CPU = Release|Any CPU
	EndGlobalSection
	GlobalSection(ProjectConfigurationPlatforms) = postSolution
		{AC7293A6-A5FD-476B-9327-545CB233F3F5}.Debug|Any CPU.ActiveCfg = Debug|Any CPU
		{AC7293A6-A5FD-476B-9327-545CB233F3F5}.Debug|Any CPU.Build.0 = Debug|Any CPU
		{AC7293A6-A5FD-476B-9327-545CB233F3F5}.Release|Any CPU.ActiveCfg = Release|Any CPU
		{AC7293A6-A5FD-476B-9327-545CB233F3F5}.Release|Any CPU.Build.0 = Release|Any CPU
		{EE4FAF5D-BBDB-4379-9485-A2693B3B12CA}.Debug|Any CPU.ActiveCfg = Debug|Any CPU
		{EE4FAF5D-BBDB-4379-9485-A2693B3B12CA}.Debug|Any CPU.Build.0 = Debug|Any CPU
		{EE4FAF5D-BBDB-4379-9485-A2693B3B12CA}.Release|Any CPU.ActiveCfg = Release|Any CPU
		{EE4FAF5D-BBDB-4379-9485-A2693B3B12CA}.Release|Any CPU.Build.0 = Release|Any CPU
		{749BF0B0-6C25-43AC-8565-3A9012406EFB}.Debug|Any CPU.ActiveCfg = Debug|Any CPU
		{749BF0B0-6C25-43AC-8565-3A9012406EFB}.Debug|Any CPU.Build.0 = Debug|Any CPU
		{749BF0B0-6C25-43AC-8565-3A9012406EFB}.Release|Any CPU.ActiveCfg = Release|Any CPU
		{749BF0B0-6C25-43AC-8565-3A9012406EFB}.Release|Any CPU.Build.0 = Release|Any CPU
		{D310FF0E-32C7-41B4-9854-4EF799921961}.Debug|Any CPU.ActiveCfg = Debug|Any CPU
		{D310FF0E-32C7-41B4-9854-4EF799921961}.Debug|Any CPU.Build.0 = Debug|Any CPU
		{D310FF0E-32C7-41B4-9854-4EF799921961}.Release|Any CPU.ActiveCfg = Release|Any CPU
		{D310FF0E-32C7-41B4-9854-4EF799921961}.Release|Any CPU.Build.0 = Release|Any CPU
		{C4C74DDC-1A89-4E17-8450-60EB7F95E295}.Debug|Any CPU.ActiveCfg = Debug|Any CPU
		{C4C74DDC-1A89-4E17-8450-60EB7F95E295}.Debug|Any CPU.Build.0 = Debug|Any CPU
		{C4C74DDC-1A89-4E17-8450-60EB7F95E295}.Release|Any CPU.ActiveCfg = Release|Any CPU
		{C4C74DDC-1A89-4E17-8450-60EB7F95E295}.Release|Any CPU.Build.0 = Release|Any CPU
		{D59473B0-A256-411A-BDD1-CB8242BBCD0D}.Debug|Any CPU.ActiveCfg = Debug|Any CPU
		{D59473B0-A256-411A-BDD1-CB8242BBCD0D}.Debug|Any CPU.Build.0 = Debug|Any CPU
		{D59473B0-A256-411A-BDD1-CB8242BBCD0D}.Release|Any CPU.ActiveCfg = Release|Any CPU
		{D59473B0-A256-411A-BDD1-CB8242BBCD0D}.Release|Any CPU.Build.0 = Release|Any CPU
		{0A2938CA-B6B6-41D7-9884-63B1FC60C9A3}.Debug|Any CPU.ActiveCfg = Debug|Any CPU
		{0A2938CA-B6B6-41D7-9884-63B1FC60C9A3}.Debug|Any CPU.Build.0 = Debug|Any CPU
		{0A2938CA-B6B6-41D7-9884-63B1FC60C9A3}.Release|Any CPU.ActiveCfg = Release|Any CPU
		{0A2938CA-B6B6-41D7-9884-63B1FC60C9A3}.Release|Any CPU.Build.0 = Release|Any CPU
		{A93054E2-FEBC-40E9-8E47-7A87DFDE9680}.Debug|Any CPU.ActiveCfg = Debug|Any CPU
		{A93054E2-FEBC-40E9-8E47-7A87DFDE9680}.Debug|Any CPU.Build.0 = Debug|Any CPU
		{A93054E2-FEBC-40E9-8E47-7A87DFDE9680}.Release|Any CPU.ActiveCfg = Release|Any CPU
		{A93054E2-FEBC-40E9-8E47-7A87DFDE9680}.Release|Any CPU.Build.0 = Release|Any CPU
	EndGlobalSection
	GlobalSection(SolutionProperties) = preSolution
		HideSolutionNode = FALSE
	EndGlobalSection
	GlobalSection(NestedProjects) = preSolution
		{EE4FAF5D-BBDB-4379-9485-A2693B3B12CA} = {9F7145C5-0C03-4538-A69E-E511A0CB7D15}
		{AC7293A6-A5FD-476B-9327-545CB233F3F5} = {18100F75-99E4-4683-9DBC-E80E3FC82CB6}
		{749BF0B0-6C25-43AC-8565-3A9012406EFB} = {18100F75-99E4-4683-9DBC-E80E3FC82CB6}
		{D310FF0E-32C7-41B4-9854-4EF799921961} = {18100F75-99E4-4683-9DBC-E80E3FC82CB6}
		{C4C74DDC-1A89-4E17-8450-60EB7F95E295} = {18100F75-99E4-4683-9DBC-E80E3FC82CB6}
		{0A2938CA-B6B6-41D7-9884-63B1FC60C9A3} = {4B5AE747-660F-4624-9B8F-7E210CBF6ACD}
		{A93054E2-FEBC-40E9-8E47-7A87DFDE9680} = {4B5AE747-660F-4624-9B8F-7E210CBF6ACD}
		{D59473B0-A256-411A-BDD1-CB8242BBCD0D} = {88B1ECBA-656E-4DDF-8AFF-7248DBF57BD4}
	EndGlobalSection
EndGlobal
